{
  "name": "SystemicRisk",
  "lockfileVersion": 3,
  "requires": true,
  "packages": {
    "": {
      "dependencies": {
        "@types/echarts": "^4.9.16",
        "echarts": "^5.4.1"
      }
    },
    "node_modules/.store/@types+echarts@4.9.16": {},
    "node_modules/.store/@types+echarts@4.9.16/node_modules/@types/echarts": {
      "version": "4.9.16",
      "license": "MIT",
      "dependencies": {
        "@types/zrender": "*"
      }
    },
    "node_modules/.store/@types+echarts@4.9.16/node_modules/@types/zrender": {
      "resolved": "node_modules/.store/@types+zrender@4.0.3/node_modules/@types/zrender",
      "link": true
    },
    "node_modules/.store/@types+zrender@4.0.3/node_modules/@types/zrender": {
      "version": "4.0.3",
      "license": "MIT"
    },
    "node_modules/.store/echarts@5.4.1": {
      "extraneous": true
    },
    "node_modules/.store/tslib@2.3.0/node_modules/tslib": {
      "version": "2.3.0",
      "extraneous": true,
      "license": "0BSD"
    },
    "node_modules/.store/zrender@5.4.1": {
      "extraneous": true
    },
    "node_modules/@types/echarts": {
      "resolved": "node_modules/.store/@types+echarts@4.9.16/node_modules/@types/echarts",
      "link": true
    },
    "node_modules/echarts": {
      "version": "5.4.1",
      "resolved": "https://registry.npmjs.org/echarts/-/echarts-5.4.1.tgz",
      "integrity": "sha512-9ltS3M2JB0w2EhcYjCdmtrJ+6haZcW6acBolMGIuf01Hql1yrIV01L1aRj7jsaaIULJslEP9Z3vKlEmnJaWJVQ==",
      "dependencies": {
        "tslib": "2.3.0",
        "zrender": "5.4.1"
      }
    },
    "node_modules/tslib": {
      "version": "2.3.0",
      "resolved": "https://registry.npmjs.org/tslib/-/tslib-2.3.0.tgz",
      "integrity": "sha512-N82ooyxVNm6h1riLCoyS9e3fuJ3AMG2zIZs2Gd1ATcSFjSA23Q0fzjjZeh0jbJvWVDZ0cJT8yaNNaaXHzueNjg=="
    },
    "node_modules/zrender": {
      "version": "5.4.1",
      "resolved": "https://registry.npmjs.org/zrender/-/zrender-5.4.1.tgz",
      "integrity": "sha512-M4Z05BHWtajY2241EmMPHglDQAJ1UyHQcYsxDNzD9XLSkPDqMq4bB28v9Pb4mvHnVQ0GxyTklZ/69xCFP6RXBA==",
      "dependencies": {
        "tslib": "2.3.0"
      }
    }
  }
}
